// !$*UTF8*$!
{
	archiveVersion = 1;
	classes = {
	};
	objectVersion = 50;
	objects = {

/* Begin PBXBuildFile section */
		C4410277215F6810001C8CE2 /* Dark_Matter_sf.png in Resources */ = {isa = PBXBuildFile; fileRef = C4410276215F6810001C8CE2 /* Dark_Matter_sf.png */; };
		C441027A216AEF12001C8CE2 /* ButtonsExtension.swift in Sources */ = {isa = PBXBuildFile; fileRef = C4410279216AEF12001C8CE2 /* ButtonsExtension.swift */; };
		C441027C216AEF66001C8CE2 /* BounceButton.swift in Sources */ = {isa = PBXBuildFile; fileRef = C441027B216AEF66001C8CE2 /* BounceButton.swift */; };
		C441027E216AEF94001C8CE2 /* UIViewExtensions.swift in Sources */ = {isa = PBXBuildFile; fileRef = C441027D216AEF94001C8CE2 /* UIViewExtensions.swift */; };
		C4410280216AF04C001C8CE2 /* RegionViewExtenison.swift in Sources */ = {isa = PBXBuildFile; fileRef = C441027F216AF04C001C8CE2 /* RegionViewExtenison.swift */; };
		C4410283216AF08C001C8CE2 /* Reachability.swift in Sources */ = {isa = PBXBuildFile; fileRef = C4410282216AF08C001C8CE2 /* Reachability.swift */; };
		C441028B216AFC9B001C8CE2 /* ethnocentric rg.ttf in Resources */ = {isa = PBXBuildFile; fileRef = C4410289216AFC9B001C8CE2 /* ethnocentric rg.ttf */; };
		C441028C216AFC9B001C8CE2 /* ethnocentric rg it.ttf in Resources */ = {isa = PBXBuildFile; fileRef = C441028A216AFC9B001C8CE2 /* ethnocentric rg it.ttf */; };
		C441028E216B13CA001C8CE2 /* Dark-Matter-1st-team-pic-2018-2019-Season-Sept-8-2018-1-2.jpg in Resources */ = {isa = PBXBuildFile; fileRef = C441028D216B13C9001C8CE2 /* Dark-Matter-1st-team-pic-2018-2019-Season-Sept-8-2018-1-2.jpg */; };
		C4410290216B13D3001C8CE2 /* NTCC-picture-1024x683.jpg in Resources */ = {isa = PBXBuildFile; fileRef = C441028F216B13D3001C8CE2 /* NTCC-picture-1024x683.jpg */; };
		C4410294216B2BDD001C8CE2 /* Purple-Galaxy.jpg in Resources */ = {isa = PBXBuildFile; fileRef = C4410293216B2BDC001C8CE2 /* Purple-Galaxy.jpg */; };
		C4410296216B32A3001C8CE2 /* www.GetBg.net_Space_Blue_planet_on_a_pink_background_galaxy_098768_.jpg in Resources */ = {isa = PBXBuildFile; fileRef = C4410295216B32A2001C8CE2 /* www.GetBg.net_Space_Blue_planet_on_a_pink_background_galaxy_098768_.jpg */; };
		C44D363C215F36B300A38893 /* AppDelegate.swift in Sources */ = {isa = PBXBuildFile; fileRef = C44D363B215F36B300A38893 /* AppDelegate.swift */; };
		C44D363E215F36B300A38893 /* HomeVC.swift in Sources */ = {isa = PBXBuildFile; fileRef = C44D363D215F36B300A38893 /* HomeVC.swift */; };
		C44D3641215F36B300A38893 /* Main.storyboard in Resources */ = {isa = PBXBuildFile; fileRef = C44D363F215F36B300A38893 /* Main.storyboard */; };
		C44D3644215F36B300A38893 /* DM.xcdatamodeld in Sources */ = {isa = PBXBuildFile; fileRef = C44D3642215F36B300A38893 /* DM.xcdatamodeld */; };
		C44D3646215F36B300A38893 /* Assets.xcassets in Resources */ = {isa = PBXBuildFile; fileRef = C44D3645215F36B300A38893 /* Assets.xcassets */; };
		C44D3649215F36B300A38893 /* LaunchScreen.storyboard in Resources */ = {isa = PBXBuildFile; fileRef = C44D3647215F36B300A38893 /* LaunchScreen.storyboard */; };
		C44D3652215F3D2300A38893 /* DARK MATTER ROBOTICS.jpg in Resources */ = {isa = PBXBuildFile; fileRef = C44D3651215F3D2300A38893 /* DARK MATTER ROBOTICS.jpg */; };
/* End PBXBuildFile section */

/* Begin PBXFileReference section */
		C4410276215F6810001C8CE2 /* Dark_Matter_sf.png */ = {isa = PBXFileReference; lastKnownFileType = image.png; name = Dark_Matter_sf.png; path = ../../../../../Downloads/Dark_Matter_sf.png; sourceTree = "<group>"; };
		C4410279216AEF12001C8CE2 /* ButtonsExtension.swift */ = {isa = PBXFileReference; lastKnownFileType = sourcecode.swift; path = ButtonsExtension.swift; sourceTree = "<group>"; };
		C441027B216AEF66001C8CE2 /* BounceButton.swift */ = {isa = PBXFileReference; lastKnownFileType = sourcecode.swift; path = BounceButton.swift; sourceTree = "<group>"; };
		C441027D216AEF94001C8CE2 /* UIViewExtensions.swift */ = {isa = PBXFileReference; lastKnownFileType = sourcecode.swift; path = UIViewExtensions.swift; sourceTree = "<group>"; };
		C441027F216AF04C001C8CE2 /* RegionViewExtenison.swift */ = {isa = PBXFileReference; lastKnownFileType = sourcecode.swift; path = RegionViewExtenison.swift; sourceTree = "<group>"; };
		C4410282216AF08C001C8CE2 /* Reachability.swift */ = {isa = PBXFileReference; lastKnownFileType = sourcecode.swift; path = Reachability.swift; sourceTree = "<group>"; };
		C4410289216AFC9B001C8CE2 /* ethnocentric rg.ttf */ = {isa = PBXFileReference; lastKnownFileType = file; path = "ethnocentric rg.ttf"; sourceTree = "<group>"; };
		C441028A216AFC9B001C8CE2 /* ethnocentric rg it.ttf */ = {isa = PBXFileReference; lastKnownFileType = file; path = "ethnocentric rg it.ttf"; sourceTree = "<group>"; };
		C441028D216B13C9001C8CE2 /* Dark-Matter-1st-team-pic-2018-2019-Season-Sept-8-2018-1-2.jpg */ = {isa = PBXFileReference; lastKnownFileType = image.jpeg; path = "Dark-Matter-1st-team-pic-2018-2019-Season-Sept-8-2018-1-2.jpg"; sourceTree = "<group>"; };
		C441028F216B13D3001C8CE2 /* NTCC-picture-1024x683.jpg */ = {isa = PBXFileReference; lastKnownFileType = image.jpeg; path = "NTCC-picture-1024x683.jpg"; sourceTree = "<group>"; };
		C4410293216B2BDC001C8CE2 /* Purple-Galaxy.jpg */ = {isa = PBXFileReference; lastKnownFileType = image.jpeg; path = "Purple-Galaxy.jpg"; sourceTree = "<group>"; };
		C4410295216B32A2001C8CE2 /* www.GetBg.net_Space_Blue_planet_on_a_pink_background_galaxy_098768_.jpg */ = {isa = PBXFileReference; lastKnownFileType = image.jpeg; path = www.GetBg.net_Space_Blue_planet_on_a_pink_background_galaxy_098768_.jpg; sourceTree = "<group>"; };
		C44D3638215F36B300A38893 /* DM.app */ = {isa = PBXFileReference; explicitFileType = wrapper.application; includeInIndex = 0; path = DM.app; sourceTree = BUILT_PRODUCTS_DIR; };
		C44D363B215F36B300A38893 /* AppDelegate.swift */ = {isa = PBXFileReference; lastKnownFileType = sourcecode.swift; path = AppDelegate.swift; sourceTree = "<group>"; };
		C44D363D215F36B300A38893 /* HomeVC.swift */ = {isa = PBXFileReference; lastKnownFileType = sourcecode.swift; path = HomeVC.swift; sourceTree = "<group>"; };
		C44D3640215F36B300A38893 /* Base */ = {isa = PBXFileReference; lastKnownFileType = file.storyboard; name = Base; path = Base.lproj/Main.storyboard; sourceTree = "<group>"; };
		C44D3643215F36B300A38893 /* DM.xcdatamodel */ = {isa = PBXFileReference; lastKnownFileType = wrapper.xcdatamodel; path = DM.xcdatamodel; sourceTree = "<group>"; };
		C44D3645215F36B300A38893 /* Assets.xcassets */ = {isa = PBXFileReference; lastKnownFileType = folder.assetcatalog; path = Assets.xcassets; sourceTree = "<group>"; };
		C44D3648215F36B300A38893 /* Base */ = {isa = PBXFileReference; lastKnownFileType = file.storyboard; name = Base; path = Base.lproj/LaunchScreen.storyboard; sourceTree = "<group>"; };
		C44D364A215F36B300A38893 /* Info.plist */ = {isa = PBXFileReference; lastKnownFileType = text.plist.xml; path = Info.plist; sourceTree = "<group>"; };
		C44D3651215F3D2300A38893 /* DARK MATTER ROBOTICS.jpg */ = {isa = PBXFileReference; lastKnownFileType = image.jpeg; name = "DARK MATTER ROBOTICS.jpg"; path = "../../../../../Downloads/DARK MATTER ROBOTICS.jpg"; sourceTree = "<group>"; };
/* End PBXFileReference section */

/* Begin PBXFrameworksBuildPhase section */
		C44D3635215F36B300A38893 /* Frameworks */ = {
			isa = PBXFrameworksBuildPhase;
			buildActionMask = 2147483647;
			files = (
			);
			runOnlyForDeploymentPostprocessing = 0;
		};
/* End PBXFrameworksBuildPhase section */

/* Begin PBXGroup section */
		C4410278216AEED2001C8CE2 /* Extension */ = {
			isa = PBXGroup;
			children = (
				C4410279216AEF12001C8CE2 /* ButtonsExtension.swift */,
				C441027B216AEF66001C8CE2 /* BounceButton.swift */,
				C441027D216AEF94001C8CE2 /* UIViewExtensions.swift */,
				C441027F216AF04C001C8CE2 /* RegionViewExtenison.swift */,
			);
			path = Extension;
			sourceTree = "<group>";
		};
		C4410281216AF067001C8CE2 /* Model */ = {
			isa = PBXGroup;
			children = (
				C44D363B215F36B300A38893 /* AppDelegate.swift */,
				C4410282216AF08C001C8CE2 /* Reachability.swift */,
				C44D3642215F36B300A38893 /* DM.xcdatamodeld */,
			);
			path = Model;
			sourceTree = "<group>";
		};
		C4410284216AF0BA001C8CE2 /* View */ = {
			isa = PBXGroup;
			children = (
				C44D3647215F36B300A38893 /* LaunchScreen.storyboard */,
				C44D363F215F36B300A38893 /* Main.storyboard */,
			);
			path = View;
			sourceTree = "<group>";
		};
		C4410285216AF0C5001C8CE2 /* Controller */ = {
			isa = PBXGroup;
			children = (
				C44D363D215F36B300A38893 /* HomeVC.swift */,
			);
			path = Controller;
			sourceTree = "<group>";
		};
		C44D362F215F36B300A38893 = {
			isa = PBXGroup;
			children = (
				C44D363A215F36B300A38893 /* DM */,
				C44D3639215F36B300A38893 /* Products */,
			);
			sourceTree = "<group>";
		};
		C44D3639215F36B300A38893 /* Products */ = {
			isa = PBXGroup;
			children = (
				C44D3638215F36B300A38893 /* DM.app */,
			);
			name = Products;
			sourceTree = "<group>";
		};
		C44D363A215F36B300A38893 /* DM */ = {
			isa = PBXGroup;
			children = (
				C4410281216AF067001C8CE2 /* Model */,
				C4410284216AF0BA001C8CE2 /* View */,
				C4410285216AF0C5001C8CE2 /* Controller */,
				C4410278216AEED2001C8CE2 /* Extension */,
				C44D3650215F3D0300A38893 /* Files */,
				C44D364A215F36B300A38893 /* Info.plist */,
			);
			path = DM;
			sourceTree = "<group>";
		};
		C44D3650215F3D0300A38893 /* Files */ = {
			isa = PBXGroup;
			children = (
				C4410295216B32A2001C8CE2 /* www.GetBg.net_Space_Blue_planet_on_a_pink_background_galaxy_098768_.jpg */,
				C4410293216B2BDC001C8CE2 /* Purple-Galaxy.jpg */,
				C441028F216B13D3001C8CE2 /* NTCC-picture-1024x683.jpg */,
				C441028D216B13C9001C8CE2 /* Dark-Matter-1st-team-pic-2018-2019-Season-Sept-8-2018-1-2.jpg */,
				C441028A216AFC9B001C8CE2 /* ethnocentric rg it.ttf */,
				C4410289216AFC9B001C8CE2 /* ethnocentric rg.ttf */,
				C44D3645215F36B300A38893 /* Assets.xcassets */,
				C4410276215F6810001C8CE2 /* Dark_Matter_sf.png */,
				C44D3651215F3D2300A38893 /* DARK MATTER ROBOTICS.jpg */,
			);
			path = Files;
			sourceTree = "<group>";
		};
/* End PBXGroup section */

/* Begin PBXNativeTarget section */
		C44D3637215F36B300A38893 /* DM */ = {
			isa = PBXNativeTarget;
			buildConfigurationList = C44D364D215F36B300A38893 /* Build configuration list for PBXNativeTarget "DM" */;
			buildPhases = (
				C44D3634215F36B300A38893 /* Sources */,
				C44D3635215F36B300A38893 /* Frameworks */,
				C44D3636215F36B300A38893 /* Resources */,
			);
			buildRules = (
			);
			dependencies = (
			);
			name = DM;
			productName = DM;
			productReference = C44D3638215F36B300A38893 /* DM.app */;
			productType = "com.apple.product-type.application";
		};
/* End PBXNativeTarget section */

/* Begin PBXProject section */
		C44D3630215F36B300A38893 /* Project object */ = {
			isa = PBXProject;
			attributes = {
				LastSwiftUpdateCheck = 1000;
				LastUpgradeCheck = 1000;
				ORGANIZATIONNAME = "Tigran Tshorokhyan";
				TargetAttributes = {
					C44D3637215F36B300A38893 = {
						CreatedOnToolsVersion = 10.0;
					};
				};
			};
			buildConfigurationList = C44D3633215F36B300A38893 /* Build configuration list for PBXProject "DM" */;
			compatibilityVersion = "Xcode 9.3";
			developmentRegion = en;
			hasScannedForEncodings = 0;
			knownRegions = (
				en,
				Base,
			);
			mainGroup = C44D362F215F36B300A38893;
			productRefGroup = C44D3639215F36B300A38893 /* Products */;
			projectDirPath = "";
			projectRoot = "";
			targets = (
				C44D3637215F36B300A38893 /* DM */,
			);
		};
/* End PBXProject section */

/* Begin PBXResourcesBuildPhase section */
		C44D3636215F36B300A38893 /* Resources */ = {
			isa = PBXResourcesBuildPhase;
			buildActionMask = 2147483647;
			files = (
				C44D3649215F36B300A38893 /* LaunchScreen.storyboard in Resources */,
				C4410296216B32A3001C8CE2 /* www.GetBg.net_Space_Blue_planet_on_a_pink_background_galaxy_098768_.jpg in Resources */,
				C44D3646215F36B300A38893 /* Assets.xcassets in Resources */,
				C4410290216B13D3001C8CE2 /* NTCC-picture-1024x683.jpg in Resources */,
				C44D3641215F36B300A38893 /* Main.storyboard in Resources */,
				C4410294216B2BDD001C8CE2 /* Purple-Galaxy.jpg in Resources */,
				C4410277215F6810001C8CE2 /* Dark_Matter_sf.png in Resources */,
				C441028E216B13CA001C8CE2 /* Dark-Matter-1st-team-pic-2018-2019-Season-Sept-8-2018-1-2.jpg in Resources */,
				C44D3652215F3D2300A38893 /* DARK MATTER ROBOTICS.jpg in Resources */,
				C441028C216AFC9B001C8CE2 /* ethnocentric rg it.ttf in Resources */,
				C441028B216AFC9B001C8CE2 /* ethnocentric rg.ttf in Resources */,
			);
			runOnlyForDeploymentPostprocessing = 0;
		};
/* End PBXResourcesBuildPhase section */

/* Begin PBXSourcesBuildPhase section */
		C44D3634215F36B300A38893 /* Sources */ = {
			isa = PBXSourcesBuildPhase;
			buildActionMask = 2147483647;
			files = (
				C4410280216AF04C001C8CE2 /* RegionViewExtenison.swift in Sources */,
				C44D363E215F36B300A38893 /* HomeVC.swift in Sources */,
				C441027C216AEF66001C8CE2 /* BounceButton.swift in Sources */,
				C441027A216AEF12001C8CE2 /* ButtonsExtension.swift in Sources */,
				C44D3644215F36B300A38893 /* DM.xcdatamodeld in Sources */,
				C441027E216AEF94001C8CE2 /* UIViewExtensions.swift in Sources */,
				C4410283216AF08C001C8CE2 /* Reachability.swift in Sources */,
				C44D363C215F36B300A38893 /* AppDelegate.swift in Sources */,
			);
			runOnlyForDeploymentPostprocessing = 0;
		};
/* End PBXSourcesBuildPhase section */

/* Begin PBXVariantGroup section */
		C44D363F215F36B300A38893 /* Main.storyboard */ = {
			isa = PBXVariantGroup;
			children = (
				C44D3640215F36B300A38893 /* Base */,
			);
			name = Main.storyboard;
			sourceTree = "<group>";
		};
		C44D3647215F36B300A38893 /* LaunchScreen.storyboard */ = {
			isa = PBXVariantGroup;
			children = (
				C44D3648215F36B300A38893 /* Base */,
			);
			name = LaunchScreen.storyboard;
			sourceTree = "<group>";
		};
/* End PBXVariantGroup section */

/* Begin XCBuildConfiguration section */
		C44D364B215F36B300A38893 /* Debug */ = {
			isa = XCBuildConfiguration;
			buildSettings = {
				ALWAYS_SEARCH_USER_PATHS = NO;
				CLANG_ANALYZER_NONNULL = YES;
				CLANG_ANALYZER_NUMBER_OBJECT_CONVERSION = YES_AGGRESSIVE;
				CLANG_CXX_LANGUAGE_STANDARD = "gnu++14";
				CLANG_CXX_LIBRARY = "libc++";
				CLANG_ENABLE_MODULES = YES;
				CLANG_ENABLE_OBJC_ARC = YES;
				CLANG_ENABLE_OBJC_WEAK = YES;
				CLANG_WARN_BLOCK_CAPTURE_AUTORELEASING = YES;
				CLANG_WARN_BOOL_CONVERSION = YES;
				CLANG_WARN_COMMA = YES;
				CLANG_WARN_CONSTANT_CONVERSION = YES;
				CLANG_WARN_DEPRECATED_OBJC_IMPLEMENTATIONS = YES;
				CLANG_WARN_DIRECT_OBJC_ISA_USAGE = YES_ERROR;
				CLANG_WARN_DOCUMENTATION_COMMENTS = YES;
				CLANG_WARN_EMPTY_BODY = YES;
				CLANG_WARN_ENUM_CONVERSION = YES;
				CLANG_WARN_INFINITE_RECURSION = YES;
				CLANG_WARN_INT_CONVERSION = YES;
				CLANG_WARN_NON_LITERAL_NULL_CONVERSION = YES;
				CLANG_WARN_OBJC_IMPLICIT_RETAIN_SELF = YES;
				CLANG_WARN_OBJC_LITERAL_CONVERSION = YES;
				CLANG_WARN_OBJC_ROOT_CLASS = YES_ERROR;
				CLANG_WARN_RANGE_LOOP_ANALYSIS = YES;
				CLANG_WARN_STRICT_PROTOTYPES = YES;
				CLANG_WARN_SUSPICIOUS_MOVE = YES;
				CLANG_WARN_UNGUARDED_AVAILABILITY = YES_AGGRESSIVE;
				CLANG_WARN_UNREACHABLE_CODE = YES;
				CLANG_WARN__DUPLICATE_METHOD_MATCH = YES;
				CODE_SIGN_IDENTITY = "iPhone Developer";
				COPY_PHASE_STRIP = NO;
				DEBUG_INFORMATION_FORMAT = dwarf;
				ENABLE_STRICT_OBJC_MSGSEND = YES;
				ENABLE_TESTABILITY = YES;
				GCC_C_LANGUAGE_STANDARD = gnu11;
				GCC_DYNAMIC_NO_PIC = NO;
				GCC_NO_COMMON_BLOCKS = YES;
				GCC_OPTIMIZATION_LEVEL = 0;
				GCC_PREPROCESSOR_DEFINITIONS = (
					"DEBUG=1",
					"$(inherited)",
				);
				GCC_WARN_64_TO_32_BIT_CONVERSION = YES;
				GCC_WARN_ABOUT_RETURN_TYPE = YES_ERROR;
				GCC_WARN_UNDECLARED_SELECTOR = YES;
				GCC_WARN_UNINITIALIZED_AUTOS = YES_AGGRESSIVE;
				GCC_WARN_UNUSED_FUNCTION = YES;
				GCC_WARN_UNUSED_VARIABLE = YES;
				IPHONEOS_DEPLOYMENT_TARGET = 12.0;
				MTL_ENABLE_DEBUG_INFO = INCLUDE_SOURCE;
				MTL_FAST_MATH = YES;
				ONLY_ACTIVE_ARCH = YES;
				SDKROOT = iphoneos;
				SWIFT_ACTIVE_COMPILATION_CONDITIONS = DEBUG;
				SWIFT_OPTIMIZATION_LEVEL = "-Onone";
			};
			name = Debug;
		};
		C44D364C215F36B300A38893 /* Release */ = {
			isa = XCBuildConfiguration;
			buildSettings = {
				ALWAYS_SEARCH_USER_PATHS = NO;
				CLANG_ANALYZER_NONNULL = YES;
				CLANG_ANALYZER_NUMBER_OBJECT_CONVERSION = YES_AGGRESSIVE;
				CLANG_CXX_LANGUAGE_STANDARD = "gnu++14";
				CLANG_CXX_LIBRARY = "libc++";
				CLANG_ENABLE_MODULES = YES;
				CLANG_ENABLE_OBJC_ARC = YES;
				CLANG_ENABLE_OBJC_WEAK = YES;
				CLANG_WARN_BLOCK_CAPTURE_AUTORELEASING = YES;
				CLANG_WARN_BOOL_CONVERSION = YES;
				CLANG_WARN_COMMA = YES;
				CLANG_WARN_CONSTANT_CONVERSION = YES;
				CLANG_WARN_DEPRECATED_OBJC_IMPLEMENTATIONS = YES;
				CLANG_WARN_DIRECT_OBJC_ISA_USAGE = YES_ERROR;
				CLANG_WARN_DOCUMENTATION_COMMENTS = YES;
				CLANG_WARN_EMPTY_BODY = YES;
				CLANG_WARN_ENUM_CONVERSION = YES;
				CLANG_WARN_INFINITE_RECURSION = YES;
				CLANG_WARN_INT_CONVERSION = YES;
				CLANG_WARN_NON_LITERAL_NULL_CONVERSION = YES;
				CLANG_WARN_OBJC_IMPLICIT_RETAIN_SELF = YES;
				CLANG_WARN_OBJC_LITERAL_CONVERSION = YES;
				CLANG_WARN_OBJC_ROOT_CLASS = YES_ERROR;
				CLANG_WARN_RANGE_LOOP_ANALYSIS = YES;
				CLANG_WARN_STRICT_PROTOTYPES = YES;
				CLANG_WARN_SUSPICIOUS_MOVE = YES;
				CLANG_WARN_UNGUARDED_AVAILABILITY = YES_AGGRESSIVE;
				CLANG_WARN_UNREACHABLE_CODE = YES;
				CLANG_WARN__DUPLICATE_METHOD_MATCH = YES;
				CODE_SIGN_IDENTITY = "iPhone Developer";
				COPY_PHASE_STRIP = NO;
				DEBUG_INFORMATION_FORMAT = "dwarf-with-dsym";
				ENABLE_NS_ASSERTIONS = NO;
				ENABLE_STRICT_OBJC_MSGSEND = YES;
				GCC_C_LANGUAGE_STANDARD = gnu11;
				GCC_NO_COMMON_BLOCKS = YES;
				GCC_WARN_64_TO_32_BIT_CONVERSION = YES;
				GCC_WARN_ABOUT_RETURN_TYPE = YES_ERROR;
				GCC_WARN_UNDECLARED_SELECTOR = YES;
				GCC_WARN_UNINITIALIZED_AUTOS = YES_AGGRESSIVE;
				GCC_WARN_UNUSED_FUNCTION = YES;
				GCC_WARN_UNUSED_VARIABLE = YES;
				IPHONEOS_DEPLOYMENT_TARGET = 12.0;
				MTL_ENABLE_DEBUG_INFO = NO;
				MTL_FAST_MATH = YES;
				SDKROOT = iphoneos;
				SWIFT_COMPILATION_MODE = wholemodule;
				SWIFT_OPTIMIZATION_LEVEL = "-O";
				VALIDATE_PRODUCT = YES;
			};
			name = Release;
		};
		C44D364E215F36B300A38893 /* Debug */ = {
			isa = XCBuildConfiguration;
			buildSettings = {
				ASSETCATALOG_COMPILER_APPICON_NAME = AppIcon;
				CODE_SIGN_STYLE = Automatic;
				DEVELOPMENT_TEAM = G3X7WNZLCP;
				INFOPLIST_FILE = DM/Info.plist;
				LD_RUNPATH_SEARCH_PATHS = (
					"$(inherited)",
					"@executable_path/Frameworks",
				);
				PRODUCT_BUNDLE_IDENTIFIER = tt.DM;
				PRODUCT_NAME = "$(TARGET_NAME)";
				SWIFT_VERSION = 4.2;
				TARGETED_DEVICE_FAMILY = "1,2";
			};
			name = Debug;
		};
		C44D364F215F36B300A38893 /* Release */ = {
			isa = XCBuildConfiguration;
			buildSettings = {
				ASSETCATALOG_COMPILER_APPICON_NAME = AppIcon;
				CODE_SIGN_STYLE = Automatic;
				DEVELOPMENT_TEAM = G3X7WNZLCP;
				INFOPLIST_FILE = DM/Info.plist;
				LD_RUNPATH_SEARCH_PATHS = (
					"$(inherited)",
					"@executable_path/Frameworks",
				);
				PRODUCT_BUNDLE_IDENTIFIER = tt.DM;
				PRODUCT_NAME = "$(TARGET_NAME)";
				SWIFT_VERSION = 4.2;
				TARGETED_DEVICE_FAMILY = "1,2";
			};
			name = Release;
		};
/* End XCBuildConfiguration section */

/* Begin XCConfigurationList section */
		C44D3633215F36B300A38893 /* Build configuration list for PBXProject "DM" */ = {
			isa = XCConfigurationList;
			buildConfigurations = (
				C44D364B215F36B300A38893 /* Debug */,
				C44D364C215F36B300A38893 /* Release */,
			);
			defaultConfigurationIsVisible = 0;
			defaultConfigurationName = Release;
		};
		C44D364D215F36B300A38893 /* Build configuration list for PBXNativeTarget "DM" */ = {
			isa = XCConfigurationList;
			buildConfigurations = (
				C44D364E215F36B300A38893 /* Debug */,
				C44D364F215F36B300A38893 /* Release */,
			);
			defaultConfigurationIsVisible = 0;
			defaultConfigurationName = Release;
		};
/* End XCConfigurationList section */

/* Begin XCVersionGroup section */
		C44D3642215F36B300A38893 /* DM.xcdatamodeld */ = {
			isa = XCVersionGroup;
			children = (
				C44D3643215F36B300A38893 /* DM.xcdatamodel */,
			);
			currentVersion = C44D3643215F36B300A38893 /* DM.xcdatamodel */;
			path = DM.xcdatamodeld;
			sourceTree = "<group>";
			versionGroupType = wrapper.xcdatamodel;
		};
/* End XCVersionGroup section */
	};
	rootObject = C44D3630215F36B300A38893 /* Project object */;
}
